// !$*UTF8*$!
{
	archiveVersion = 1;
	classes = {
	};
	objectVersion = 46;
	objects = {

/* Begin PBXBuildFile section */
		3FD83B681BB1D67B00604A7C /* AppDelegate.swift in Sources */ = {isa = PBXBuildFile; fileRef = 3FD83B671BB1D67B00604A7C /* AppDelegate.swift */; };
		3FD83B6A1BB1D67B00604A7C /* ViewController.swift in Sources */ = {isa = PBXBuildFile; fileRef = 3FD83B691BB1D67B00604A7C /* ViewController.swift */; };
		3FD83B6D1BB1D67B00604A7C /* Main.storyboard in Resources */ = {isa = PBXBuildFile; fileRef = 3FD83B6B1BB1D67B00604A7C /* Main.storyboard */; };
		3FD83B6F1BB1D67B00604A7C /* Images.xcassets in Resources */ = {isa = PBXBuildFile; fileRef = 3FD83B6E1BB1D67B00604A7C /* Images.xcassets */; };
		3FD83B721BB1D67B00604A7C /* LaunchScreen.xib in Resources */ = {isa = PBXBuildFile; fileRef = 3FD83B701BB1D67B00604A7C /* LaunchScreen.xib */; };
		3FD83B7E1BB1D67B00604A7C /* PickAColorTests.swift in Sources */ = {isa = PBXBuildFile; fileRef = 3FD83B7D1BB1D67B00604A7C /* PickAColorTests.swift */; };
		3FD83B881BB1D7A700604A7C /* ColorWheel.swift in Sources */ = {isa = PBXBuildFile; fileRef = 3FD83B871BB1D7A700604A7C /* ColorWheel.swift */; };
/* End PBXBuildFile section */

/* Begin PBXContainerItemProxy section */
		3FD83B781BB1D67B00604A7C /* PBXContainerItemProxy */ = {
			isa = PBXContainerItemProxy;
			containerPortal = 3FD83B5A1BB1D67B00604A7C /* Project object */;
			proxyType = 1;
			remoteGlobalIDString = 3FD83B611BB1D67B00604A7C;
			remoteInfo = PickAColor;
		};
/* End PBXContainerItemProxy section */

/* Begin PBXFileReference section */
		3FD83B621BB1D67B00604A7C /* PickAColor.app */ = {isa = PBXFileReference; explicitFileType = wrapper.application; includeInIndex = 0; path = PickAColor.app; sourceTree = BUILT_PRODUCTS_DIR; };
		3FD83B661BB1D67B00604A7C /* Info.plist */ = {isa = PBXFileReference; lastKnownFileType = text.plist.xml; path = Info.plist; sourceTree = "<group>"; };
		3FD83B671BB1D67B00604A7C /* AppDelegate.swift */ = {isa = PBXFileReference; lastKnownFileType = sourcecode.swift; path = AppDelegate.swift; sourceTree = "<group>"; };
		3FD83B691BB1D67B00604A7C /* ViewController.swift */ = {isa = PBXFileReference; lastKnownFileType = sourcecode.swift; path = ViewController.swift; sourceTree = "<group>"; };
		3FD83B6C1BB1D67B00604A7C /* Base */ = {isa = PBXFileReference; lastKnownFileType = file.storyboard; name = Base; path = Base.lproj/Main.storyboard; sourceTree = "<group>"; };
		3FD83B6E1BB1D67B00604A7C /* Images.xcassets */ = {isa = PBXFileReference; lastKnownFileType = folder.assetcatalog; path = Images.xcassets; sourceTree = "<group>"; };
		3FD83B711BB1D67B00604A7C /* Base */ = {isa = PBXFileReference; lastKnownFileType = file.xib; name = Base; path = Base.lproj/LaunchScreen.xib; sourceTree = "<group>"; };
		3FD83B771BB1D67B00604A7C /* PickAColorTests.xctest */ = {isa = PBXFileReference; explicitFileType = wrapper.cfbundle; includeInIndex = 0; path = PickAColorTests.xctest; sourceTree = BUILT_PRODUCTS_DIR; };
		3FD83B7C1BB1D67B00604A7C /* Info.plist */ = {isa = PBXFileReference; lastKnownFileType = text.plist.xml; path = Info.plist; sourceTree = "<group>"; };
		3FD83B7D1BB1D67B00604A7C /* PickAColorTests.swift */ = {isa = PBXFileReference; lastKnownFileType = sourcecode.swift; path = PickAColorTests.swift; sourceTree = "<group>"; };
		3FD83B871BB1D7A700604A7C /* ColorWheel.swift */ = {isa = PBXFileReference; fileEncoding = 4; lastKnownFileType = sourcecode.swift; path = ColorWheel.swift; sourceTree = "<group>"; };
/* End PBXFileReference section */

/* Begin PBXFrameworksBuildPhase section */
		3FD83B5F1BB1D67B00604A7C /* Frameworks */ = {
			isa = PBXFrameworksBuildPhase;
			buildActionMask = 2147483647;
			files = (
			);
			runOnlyForDeploymentPostprocessing = 0;
		};
		3FD83B741BB1D67B00604A7C /* Frameworks */ = {
			isa = PBXFrameworksBuildPhase;
			buildActionMask = 2147483647;
			files = (
			);
			runOnlyForDeploymentPostprocessing = 0;
		};
/* End PBXFrameworksBuildPhase section */

/* Begin PBXGroup section */
		3FD83B591BB1D67B00604A7C = {
			isa = PBXGroup;
			children = (
				3FD83B641BB1D67B00604A7C /* PickAColor */,
				3FD83B7A1BB1D67B00604A7C /* PickAColorTests */,
				3FD83B631BB1D67B00604A7C /* Products */,
			);
			sourceTree = "<group>";
		};
		3FD83B631BB1D67B00604A7C /* Products */ = {
			isa = PBXGroup;
			children = (
				3FD83B621BB1D67B00604A7C /* PickAColor.app */,
				3FD83B771BB1D67B00604A7C /* PickAColorTests.xctest */,
			);
			name = Products;
			sourceTree = "<group>";
		};
		3FD83B641BB1D67B00604A7C /* PickAColor */ = {
			isa = PBXGroup;
			children = (
				3FD83B671BB1D67B00604A7C /* AppDelegate.swift */,
				3FD83B691BB1D67B00604A7C /* ViewController.swift */,
				3FD83B871BB1D7A700604A7C /* ColorWheel.swift */,
				3FD83B6B1BB1D67B00604A7C /* Main.storyboard */,
				3FD83B6E1BB1D67B00604A7C /* Images.xcassets */,
				3FD83B701BB1D67B00604A7C /* LaunchScreen.xib */,
				3FD83B651BB1D67B00604A7C /* Supporting Files */,
			);
			path = PickAColor;
			sourceTree = "<group>";
		};
		3FD83B651BB1D67B00604A7C /* Supporting Files */ = {
			isa = PBXGroup;
			children = (
				3FD83B661BB1D67B00604A7C /* Info.plist */,
			);
			name = "Supporting Files";
			sourceTree = "<group>";
		};
		3FD83B7A1BB1D67B00604A7C /* PickAColorTests */ = {
			isa = PBXGroup;
			children = (
				3FD83B7D1BB1D67B00604A7C /* PickAColorTests.swift */,
				3FD83B7B1BB1D67B00604A7C /* Supporting Files */,
			);
			path = PickAColorTests;
			sourceTree = "<group>";
		};
		3FD83B7B1BB1D67B00604A7C /* Supporting Files */ = {
			isa = PBXGroup;
			children = (
				3FD83B7C1BB1D67B00604A7C /* Info.plist */,
			);
			name = "Supporting Files";
			sourceTree = "<group>";
		};
/* End PBXGroup section */

/* Begin PBXNativeTarget section */
		3FD83B611BB1D67B00604A7C /* PickAColor */ = {
			isa = PBXNativeTarget;
			buildConfigurationList = 3FD83B811BB1D67B00604A7C /* Build configuration list for PBXNativeTarget "PickAColor" */;
			buildPhases = (
				3FD83B5E1BB1D67B00604A7C /* Sources */,
				3FD83B5F1BB1D67B00604A7C /* Frameworks */,
				3FD83B601BB1D67B00604A7C /* Resources */,
			);
			buildRules = (
			);
			dependencies = (
			);
			name = PickAColor;
			productName = PickAColor;
			productReference = 3FD83B621BB1D67B00604A7C /* PickAColor.app */;
			productType = "com.apple.product-type.application";
		};
		3FD83B761BB1D67B00604A7C /* PickAColorTests */ = {
			isa = PBXNativeTarget;
			buildConfigurationList = 3FD83B841BB1D67B00604A7C /* Build configuration list for PBXNativeTarget "PickAColorTests" */;
			buildPhases = (
				3FD83B731BB1D67B00604A7C /* Sources */,
				3FD83B741BB1D67B00604A7C /* Frameworks */,
				3FD83B751BB1D67B00604A7C /* Resources */,
			);
			buildRules = (
			);
			dependencies = (
				3FD83B791BB1D67B00604A7C /* PBXTargetDependency */,
			);
			name = PickAColorTests;
			productName = PickAColorTests;
			productReference = 3FD83B771BB1D67B00604A7C /* PickAColorTests.xctest */;
			productType = "com.apple.product-type.bundle.unit-test";
		};
/* End PBXNativeTarget section */

/* Begin PBXProject section */
		3FD83B5A1BB1D67B00604A7C /* Project object */ = {
			isa = PBXProject;
			attributes = {
				LastSwiftMigration = 0700;
				LastSwiftUpdateCheck = 0700;
				LastUpgradeCheck = 0640;
				ORGANIZATIONNAME = "Charles Findlay";
				TargetAttributes = {
					3FD83B611BB1D67B00604A7C = {
						CreatedOnToolsVersion = 6.4;
					};
					3FD83B761BB1D67B00604A7C = {
						CreatedOnToolsVersion = 6.4;
						TestTargetID = 3FD83B611BB1D67B00604A7C;
					};
				};
			};
			buildConfigurationList = 3FD83B5D1BB1D67B00604A7C /* Build configuration list for PBXProject "PickAColor" */;
			compatibilityVersion = "Xcode 3.2";
			developmentRegion = English;
			hasScannedForEncodings = 0;
			knownRegions = (
				en,
				Base,
			);
			mainGroup = 3FD83B591BB1D67B00604A7C;
			productRefGroup = 3FD83B631BB1D67B00604A7C /* Products */;
			projectDirPath = "";
			projectRoot = "";
			targets = (
				3FD83B611BB1D67B00604A7C /* PickAColor */,
				3FD83B761BB1D67B00604A7C /* PickAColorTests */,
			);
		};
/* End PBXProject section */

/* Begin PBXResourcesBuildPhase section */
		3FD83B601BB1D67B00604A7C /* Resources */ = {
			isa = PBXResourcesBuildPhase;
			buildActionMask = 2147483647;
			files = (
				3FD83B6D1BB1D67B00604A7C /* Main.storyboard in Resources */,
				3FD83B721BB1D67B00604A7C /* LaunchScreen.xib in Resources */,
				3FD83B6F1BB1D67B00604A7C /* Images.xcassets in Resources */,
			);
			runOnlyForDeploymentPostprocessing = 0;
		};
		3FD83B751BB1D67B00604A7C /* Resources */ = {
			isa = PBXResourcesBuildPhase;
			buildActionMask = 2147483647;
			files = (
			);
			runOnlyForDeploymentPostprocessing = 0;
		};
/* End PBXResourcesBuildPhase section */

/* Begin PBXSourcesBuildPhase section */
		3FD83B5E1BB1D67B00604A7C /* Sources */ = {
			isa = PBXSourcesBuildPhase;
			buildActionMask = 2147483647;
			files = (
				3FD83B6A1BB1D67B00604A7C /* ViewController.swift in Sources */,
				3FD83B681BB1D67B00604A7C /* AppDelegate.swift in Sources */,
				3FD83B881BB1D7A700604A7C /* ColorWheel.swift in Sources */,
			);
			runOnlyForDeploymentPostprocessing = 0;
		};
		3FD83B731BB1D67B00604A7C /* Sources */ = {
			isa = PBXSourcesBuildPhase;
			buildActionMask = 2147483647;
			files = (
				3FD83B7E1BB1D67B00604A7C /* PickAColorTests.swift in Sources */,
			);
			runOnlyForDeploymentPostprocessing = 0;
		};
/* End PBXSourcesBuildPhase section */

/* Begin PBXTargetDependency section */
		3FD83B791BB1D67B00604A7C /* PBXTargetDependency */ = {
			isa = PBXTargetDependency;
			target = 3FD83B611BB1D67B00604A7C /* PickAColor */;
			targetProxy = 3FD83B781BB1D67B00604A7C /* PBXContainerItemProxy */;
		};
/* End PBXTargetDependency section */

/* Begin PBXVariantGroup section */
		3FD83B6B1BB1D67B00604A7C /* Main.storyboard */ = {
			isa = PBXVariantGroup;
			children = (
				3FD83B6C1BB1D67B00604A7C /* Base */,
			);
			name = Main.storyboard;
			sourceTree = "<group>";
		};
		3FD83B701BB1D67B00604A7C /* LaunchScreen.xib */ = {
			isa = PBXVariantGroup;
			children = (
				3FD83B711BB1D67B00604A7C /* Base */,
			);
			name = LaunchScreen.xib;
			sourceTree = "<group>";
		};
/* End PBXVariantGroup section */

/* Begin XCBuildConfiguration section */
		3FD83B7F1BB1D67B00604A7C /* Debug */ = {
			isa = XCBuildConfiguration;
			buildSettings = {
				ALWAYS_SEARCH_USER_PATHS = NO;
				CLANG_CXX_LANGUAGE_STANDARD = "gnu++0x";
				CLANG_CXX_LIBRARY = "libc++";
				CLANG_ENABLE_MODULES = YES;
				CLANG_ENABLE_OBJC_ARC = YES;
				CLANG_WARN_BOOL_CONVERSION = YES;
				CLANG_WARN_CONSTANT_CONVERSION = YES;
				CLANG_WARN_DIRECT_OBJC_ISA_USAGE = YES_ERROR;
				CLANG_WARN_EMPTY_BODY = YES;
				CLANG_WARN_ENUM_CONVERSION = YES;
				CLANG_WARN_INT_CONVERSION = YES;
				CLANG_WARN_OBJC_ROOT_CLASS = YES_ERROR;
				CLANG_WARN_UNREACHABLE_CODE = YES;
				CLANG_WARN__DUPLICATE_METHOD_MATCH = YES;
				"CODE_SIGN_IDENTITY[sdk=iphoneos*]" = "iPhone Developer";
				COPY_PHASE_STRIP = NO;
				DEBUG_INFORMATION_FORMAT = "dwarf-with-dsym";
				ENABLE_STRICT_OBJC_MSGSEND = YES;
				GCC_C_LANGUAGE_STANDARD = gnu99;
				GCC_DYNAMIC_NO_PIC = NO;
				GCC_NO_COMMON_BLOCKS = YES;
				GCC_OPTIMIZATION_LEVEL = 0;
				GCC_PREPROCESSOR_DEFINITIONS = (
					"DEBUG=1",
					"$(inherited)",
				);
				GCC_SYMBOLS_PRIVATE_EXTERN = NO;
				GCC_WARN_64_TO_32_BIT_CONVERSION = YES;
				GCC_WARN_ABOUT_RETURN_TYPE = YES_ERROR;
				GCC_WARN_UNDECLARED_SELECTOR = YES;
				GCC_WARN_UNINITIALIZED_AUTOS = YES_AGGRESSIVE;
				GCC_WARN_UNUSED_FUNCTION = YES;
				GCC_WARN_UNUSED_VARIABLE = YES;
				IPHONEOS_DEPLOYMENT_TARGET = 8.4;
				MTL_ENABLE_DEBUG_INFO = YES;
				ONLY_ACTIVE_ARCH = YES;
				SDKROOT = iphoneos;
				SWIFT_OPTIMIZATION_LEVEL = "-Onone";
			};
			name = Debug;
		};
		3FD83B801BB1D67B00604A7C /* Release */ = {
			isa = XCBuildConfiguration;
			buildSettings = {
				ALWAYS_SEARCH_USER_PATHS = NO;
				CLANG_CXX_LANGUAGE_STANDARD = "gnu++0x";
				CLANG_CXX_LIBRARY = "libc++";
				CLANG_ENABLE_MODULES = YES;
				CLANG_ENABLE_OBJC_ARC = YES;
				CLANG_WARN_BOOL_CONVERSION = YES;
				CLANG_WARN_CONSTANT_CONVERSION = YES;
				CLANG_WARN_DIRECT_OBJC_ISA_USAGE = YES_ERROR;
				CLANG_WARN_EMPTY_BODY = YES;
				CLANG_WARN_ENUM_CONVERSION = YES;
				CLANG_WARN_INT_CONVERSION = YES;
				CLANG_WARN_OBJC_ROOT_CLASS = YES_ERROR;
				CLANG_WARN_UNREACHABLE_CODE = YES;
				CLANG_WARN__DUPLICATE_METHOD_MATCH = YES;
				"CODE_SIGN_IDENTITY[sdk=iphoneos*]" = "iPhone Developer";
				COPY_PHASE_STRIP = NO;
				DEBUG_INFORMATION_FORMAT = "dwarf-with-dsym";
				ENABLE_NS_ASSERTIONS = NO;
				ENABLE_STRICT_OBJC_MSGSEND = YES;
				GCC_C_LANGUAGE_STANDARD = gnu99;
				GCC_NO_COMMON_BLOCKS = YES;
				GCC_WARN_64_TO_32_BIT_CONVERSION = YES;
				GCC_WARN_ABOUT_RETURN_TYPE = YES_ERROR;
				GCC_WARN_UNDECLARED_SELECTOR = YES;
				GCC_WARN_UNINITIALIZED_AUTOS = YES_AGGRESSIVE;
				GCC_WARN_UNUSED_FUNCTION = YES;
				GCC_WARN_UNUSED_VARIABLE = YES;
				IPHONEOS_DEPLOYMENT_TARGET = 8.4;
				MTL_ENABLE_DEBUG_INFO = NO;
				SDKROOT = iphoneos;
				VALIDATE_PRODUCT = YES;
			};
			name = Release;
		};
		3FD83B821BB1D67B00604A7C /* Debug */ = {
			isa = XCBuildConfiguration;
			buildSettings = {
				ASSETCATALOG_COMPILER_APPICON_NAME = AppIcon;
				INFOPLIST_FILE = PickAColor/Info.plist;
				LD_RUNPATH_SEARCH_PATHS = "$(inherited) @executable_path/Frameworks";
				PRODUCT_NAME = "$(TARGET_NAME)";
			};
			name = Debug;
		};
		3FD83B831BB1D67B00604A7C /* Release */ = {
			isa = XCBuildConfiguration;
			buildSettings = {
				ASSETCATALOG_COMPILER_APPICON_NAME = AppIcon;
				INFOPLIST_FILE = PickAColor/Info.plist;
				LD_RUNPATH_SEARCH_PATHS = "$(inherited) @executable_path/Frameworks";
				PRODUCT_NAME = "$(TARGET_NAME)";
			};
			name = Release;
		};
		3FD83B851BB1D67B00604A7C /* Debug */ = {
			isa = XCBuildConfiguration;
			buildSettings = {
				BUNDLE_LOADER = "$(TEST_HOST)";
				FRAMEWORK_SEARCH_PATHS = (
					"$(SDKROOT)/Developer/Library/Frameworks",
					"$(inherited)",
				);
				GCC_PREPROCESSOR_DEFINITIONS = (
					"DEBUG=1",
					"$(inherited)",
				);
				INFOPLIST_FILE = PickAColorTests/Info.plist;
				LD_RUNPATH_SEARCH_PATHS = "$(inherited) @executable_path/Frameworks @loader_path/Frameworks";
				PRODUCT_NAME = "$(TARGET_NAME)";
				TEST_HOST = "$(BUILT_PRODUCTS_DIR)/PickAColor.app/PickAColor";
			};
			name = Debug;
		};
		3FD83B861BB1D67B00604A7C /* Release */ = {
			isa = XCBuildConfiguration;
			buildSettings = {
				BUNDLE_LOADER = "$(TEST_HOST)";
				FRAMEWORK_SEARCH_PATHS = (
					"$(SDKROOT)/Developer/Library/Frameworks",
					"$(inherited)",
				);
				INFOPLIST_FILE = PickAColorTests/Info.plist;
				LD_RUNPATH_SEARCH_PATHS = "$(inherited) @executable_path/Frameworks @loader_path/Frameworks";
				PRODUCT_NAME = "$(TARGET_NAME)";
				TEST_HOST = "$(BUILT_PRODUCTS_DIR)/PickAColor.app/PickAColor";
			};
			name = Release;
		};
/* End XCBuildConfiguration section */

/* Begin XCConfigurationList section */
		3FD83B5D1BB1D67B00604A7C /* Build configuration list for PBXProject "PickAColor" */ = {
			isa = XCConfigurationList;
			buildConfigurations = (
				3FD83B7F1BB1D67B00604A7C /* Debug */,
				3FD83B801BB1D67B00604A7C /* Release */,
			);
			defaultConfigurationIsVisible = 0;
			defaultConfigurationName = Release;
		};
		3FD83B811BB1D67B00604A7C /* Build configuration list for PBXNativeTarget "PickAColor" */ = {
			isa = XCConfigurationList;
			buildConfigurations = (
				3FD83B821BB1D67B00604A7C /* Debug */,
				3FD83B831BB1D67B00604A7C /* Release */,
			);
			defaultConfigurationIsVisible = 0;
			defaultConfigurationName = Release;
		};
		3FD83B841BB1D67B00604A7C /* Build configuration list for PBXNativeTarget "PickAColorTests" */ = {
			isa = XCConfigurationList;
			buildConfigurations = (
				3FD83B851BB1D67B00604A7C /* Debug */,
				3FD83B861BB1D67B00604A7C /* Release */,
			);
			defaultConfigurationIsVisible = 0;
			defaultConfigurationName = Release;
		};
/* End XCConfigurationList section */
	};
	rootObject = 3FD83B5A1BB1D67B00604A7C /* Project object */;
}
